// !$*UTF8*$!
{
	archiveVersion = 1;
	classes = {
	};
	objectVersion = 51;
	objects = {

/* Begin PBXBuildFile section */
		0E10E4AD256D3F69006BB901 /* IGFeedPostTableViewCell.swift in Sources */ = {isa = PBXBuildFile; fileRef = 0E10E4AC256D3F69006BB901 /* IGFeedPostTableViewCell.swift */; };
		0E10E4B2256D4142006BB901 /* IGFeedPostHeaderTableViewCell.swift in Sources */ = {isa = PBXBuildFile; fileRef = 0E10E4B1256D4142006BB901 /* IGFeedPostHeaderTableViewCell.swift */; };
		0E10E4B6256D4160006BB901 /* IGFeedPostActionTableViewCell.swift in Sources */ = {isa = PBXBuildFile; fileRef = 0E10E4B5256D4160006BB901 /* IGFeedPostActionTableViewCell.swift */; };
		0E10E4B9256D417D006BB901 /* IGFeedPostGeneralTableViewCell.swift in Sources */ = {isa = PBXBuildFile; fileRef = 0E10E4B8256D417D006BB901 /* IGFeedPostGeneralTableViewCell.swift */; };
		0E52ECAD2565335F00BBBA87 /* AppDelegate.swift in Sources */ = {isa = PBXBuildFile; fileRef = 0E52ECAC2565335F00BBBA87 /* AppDelegate.swift */; };
		0E52ECAF2565335F00BBBA87 /* SceneDelegate.swift in Sources */ = {isa = PBXBuildFile; fileRef = 0E52ECAE2565335F00BBBA87 /* SceneDelegate.swift */; };
		0E52ECB12565335F00BBBA87 /* HomeViewController.swift in Sources */ = {isa = PBXBuildFile; fileRef = 0E52ECB02565335F00BBBA87 /* HomeViewController.swift */; };
		0E52ECB42565335F00BBBA87 /* Main.storyboard in Resources */ = {isa = PBXBuildFile; fileRef = 0E52ECB22565335F00BBBA87 /* Main.storyboard */; };
		0E52ECB62565335F00BBBA87 /* Assets.xcassets in Resources */ = {isa = PBXBuildFile; fileRef = 0E52ECB52565335F00BBBA87 /* Assets.xcassets */; };
		0E52ECB92565335F00BBBA87 /* LaunchScreen.storyboard in Resources */ = {isa = PBXBuildFile; fileRef = 0E52ECB72565335F00BBBA87 /* LaunchScreen.storyboard */; };
		0E52ECC9256534D000BBBA87 /* ExploreViewController.swift in Sources */ = {isa = PBXBuildFile; fileRef = 0E52ECC8256534D000BBBA87 /* ExploreViewController.swift */; };
		0E52ECCC256534E300BBBA87 /* CameraViewController.swift in Sources */ = {isa = PBXBuildFile; fileRef = 0E52ECCB256534E300BBBA87 /* CameraViewController.swift */; };
		0E52ECCF256534FA00BBBA87 /* NotificationViewController.swift in Sources */ = {isa = PBXBuildFile; fileRef = 0E52ECCE256534FA00BBBA87 /* NotificationViewController.swift */; };
		0E52ECD22565350400BBBA87 /* ProfileViewController.swift in Sources */ = {isa = PBXBuildFile; fileRef = 0E52ECD12565350400BBBA87 /* ProfileViewController.swift */; };
		0E52ECD92565356800BBBA87 /* LoginViewController.swift in Sources */ = {isa = PBXBuildFile; fileRef = 0E52ECD82565356800BBBA87 /* LoginViewController.swift */; };
		0E52ECDD2565359700BBBA87 /* RegistrationViewController.swift in Sources */ = {isa = PBXBuildFile; fileRef = 0E52ECDC2565359700BBBA87 /* RegistrationViewController.swift */; };
		0E52ECE1256535AE00BBBA87 /* PostViewController.swift in Sources */ = {isa = PBXBuildFile; fileRef = 0E52ECE0256535AE00BBBA87 /* PostViewController.swift */; };
		0E52ECE5256535C100BBBA87 /* EditProfileViewController.swift in Sources */ = {isa = PBXBuildFile; fileRef = 0E52ECE4256535C100BBBA87 /* EditProfileViewController.swift */; };
		0E52ECE8256535CB00BBBA87 /* SettingViewController.swift in Sources */ = {isa = PBXBuildFile; fileRef = 0E52ECE7256535CB00BBBA87 /* SettingViewController.swift */; };
		0E52ECEB256535D500BBBA87 /* ListViewController.swift in Sources */ = {isa = PBXBuildFile; fileRef = 0E52ECEA256535D500BBBA87 /* ListViewController.swift */; };
		0E52ECEE256535E600BBBA87 /* SearchViewController.swift in Sources */ = {isa = PBXBuildFile; fileRef = 0E52ECED256535E600BBBA87 /* SearchViewController.swift */; };
		0E52ECF1256535F100BBBA87 /* SearchResultViewController.swift in Sources */ = {isa = PBXBuildFile; fileRef = 0E52ECF0256535F100BBBA87 /* SearchResultViewController.swift */; };
		0E52ECF42565361C00BBBA87 /* PostEditorViewController.swift in Sources */ = {isa = PBXBuildFile; fileRef = 0E52ECF32565361C00BBBA87 /* PostEditorViewController.swift */; };
		0E52ECF72565362F00BBBA87 /* PublishPostViewController.swift in Sources */ = {isa = PBXBuildFile; fileRef = 0E52ECF62565362F00BBBA87 /* PublishPostViewController.swift */; };
		0EC25B6B2565405E00CCA50D /* GoogleService-Info.plist in Resources */ = {isa = PBXBuildFile; fileRef = 0EC25B6A2565405E00CCA50D /* GoogleService-Info.plist */; };
		0EC25B722565449A00CCA50D /* DatabaseManager.swift in Sources */ = {isa = PBXBuildFile; fileRef = 0EC25B712565449A00CCA50D /* DatabaseManager.swift */; };
		0EC25B752565453200CCA50D /* AuthManager.swift in Sources */ = {isa = PBXBuildFile; fileRef = 0EC25B742565453200CCA50D /* AuthManager.swift */; };
		0EC25B782565458B00CCA50D /* StorageManager.swift in Sources */ = {isa = PBXBuildFile; fileRef = 0EC25B772565458B00CCA50D /* StorageManager.swift */; };
		0EC25B8D2565492300CCA50D /* Extensions.swift in Sources */ = {isa = PBXBuildFile; fileRef = 0EC25B8C2565492300CCA50D /* Extensions.swift */; };
		C268048869DD663A77D4C780 /* Pods_InstagramClone.framework in Frameworks */ = {isa = PBXBuildFile; fileRef = F147AB89BCE0996334B293A0 /* Pods_InstagramClone.framework */; };
/* End PBXBuildFile section */

/* Begin PBXFileReference section */
		0E10E4AC256D3F69006BB901 /* IGFeedPostTableViewCell.swift */ = {isa = PBXFileReference; lastKnownFileType = sourcecode.swift; path = IGFeedPostTableViewCell.swift; sourceTree = "<group>"; };
		0E10E4B1256D4142006BB901 /* IGFeedPostHeaderTableViewCell.swift */ = {isa = PBXFileReference; lastKnownFileType = sourcecode.swift; path = IGFeedPostHeaderTableViewCell.swift; sourceTree = "<group>"; };
		0E10E4B5256D4160006BB901 /* IGFeedPostActionTableViewCell.swift */ = {isa = PBXFileReference; lastKnownFileType = sourcecode.swift; path = IGFeedPostActionTableViewCell.swift; sourceTree = "<group>"; };
		0E10E4B8256D417D006BB901 /* IGFeedPostGeneralTableViewCell.swift */ = {isa = PBXFileReference; lastKnownFileType = sourcecode.swift; path = IGFeedPostGeneralTableViewCell.swift; sourceTree = "<group>"; };
		0E52ECA92565335F00BBBA87 /* InstagramClone.app */ = {isa = PBXFileReference; explicitFileType = wrapper.application; includeInIndex = 0; path = InstagramClone.app; sourceTree = BUILT_PRODUCTS_DIR; };
		0E52ECAC2565335F00BBBA87 /* AppDelegate.swift */ = {isa = PBXFileReference; lastKnownFileType = sourcecode.swift; path = AppDelegate.swift; sourceTree = "<group>"; };
		0E52ECAE2565335F00BBBA87 /* SceneDelegate.swift */ = {isa = PBXFileReference; lastKnownFileType = sourcecode.swift; path = SceneDelegate.swift; sourceTree = "<group>"; };
		0E52ECB02565335F00BBBA87 /* HomeViewController.swift */ = {isa = PBXFileReference; lastKnownFileType = sourcecode.swift; path = HomeViewController.swift; sourceTree = "<group>"; };
		0E52ECB32565335F00BBBA87 /* Base */ = {isa = PBXFileReference; lastKnownFileType = file.storyboard; name = Base; path = Base.lproj/Main.storyboard; sourceTree = "<group>"; };
		0E52ECB52565335F00BBBA87 /* Assets.xcassets */ = {isa = PBXFileReference; lastKnownFileType = folder.assetcatalog; path = Assets.xcassets; sourceTree = "<group>"; };
		0E52ECB82565335F00BBBA87 /* Base */ = {isa = PBXFileReference; lastKnownFileType = file.storyboard; name = Base; path = Base.lproj/LaunchScreen.storyboard; sourceTree = "<group>"; };
		0E52ECBA2565335F00BBBA87 /* Info.plist */ = {isa = PBXFileReference; lastKnownFileType = text.plist.xml; path = Info.plist; sourceTree = "<group>"; };
		0E52ECC8256534D000BBBA87 /* ExploreViewController.swift */ = {isa = PBXFileReference; lastKnownFileType = sourcecode.swift; path = ExploreViewController.swift; sourceTree = "<group>"; };
		0E52ECCB256534E300BBBA87 /* CameraViewController.swift */ = {isa = PBXFileReference; lastKnownFileType = sourcecode.swift; path = CameraViewController.swift; sourceTree = "<group>"; };
		0E52ECCE256534FA00BBBA87 /* NotificationViewController.swift */ = {isa = PBXFileReference; lastKnownFileType = sourcecode.swift; path = NotificationViewController.swift; sourceTree = "<group>"; };
		0E52ECD12565350400BBBA87 /* ProfileViewController.swift */ = {isa = PBXFileReference; lastKnownFileType = sourcecode.swift; path = ProfileViewController.swift; sourceTree = "<group>"; };
		0E52ECD82565356800BBBA87 /* LoginViewController.swift */ = {isa = PBXFileReference; lastKnownFileType = sourcecode.swift; path = LoginViewController.swift; sourceTree = "<group>"; };
		0E52ECDC2565359700BBBA87 /* RegistrationViewController.swift */ = {isa = PBXFileReference; lastKnownFileType = sourcecode.swift; path = RegistrationViewController.swift; sourceTree = "<group>"; };
		0E52ECE0256535AE00BBBA87 /* PostViewController.swift */ = {isa = PBXFileReference; lastKnownFileType = sourcecode.swift; path = PostViewController.swift; sourceTree = "<group>"; };
		0E52ECE4256535C100BBBA87 /* EditProfileViewController.swift */ = {isa = PBXFileReference; lastKnownFileType = sourcecode.swift; path = EditProfileViewController.swift; sourceTree = "<group>"; };
		0E52ECE7256535CB00BBBA87 /* SettingViewController.swift */ = {isa = PBXFileReference; lastKnownFileType = sourcecode.swift; path = SettingViewController.swift; sourceTree = "<group>"; };
		0E52ECEA256535D500BBBA87 /* ListViewController.swift */ = {isa = PBXFileReference; lastKnownFileType = sourcecode.swift; path = ListViewController.swift; sourceTree = "<group>"; };
		0E52ECED256535E600BBBA87 /* SearchViewController.swift */ = {isa = PBXFileReference; lastKnownFileType = sourcecode.swift; path = SearchViewController.swift; sourceTree = "<group>"; };
		0E52ECF0256535F100BBBA87 /* SearchResultViewController.swift */ = {isa = PBXFileReference; lastKnownFileType = sourcecode.swift; path = SearchResultViewController.swift; sourceTree = "<group>"; };
		0E52ECF32565361C00BBBA87 /* PostEditorViewController.swift */ = {isa = PBXFileReference; lastKnownFileType = sourcecode.swift; path = PostEditorViewController.swift; sourceTree = "<group>"; };
		0E52ECF62565362F00BBBA87 /* PublishPostViewController.swift */ = {isa = PBXFileReference; lastKnownFileType = sourcecode.swift; path = PublishPostViewController.swift; sourceTree = "<group>"; };
		0EC25B6A2565405E00CCA50D /* GoogleService-Info.plist */ = {isa = PBXFileReference; fileEncoding = 4; lastKnownFileType = text.plist.xml; path = "GoogleService-Info.plist"; sourceTree = "<group>"; };
		0EC25B712565449A00CCA50D /* DatabaseManager.swift */ = {isa = PBXFileReference; lastKnownFileType = sourcecode.swift; path = DatabaseManager.swift; sourceTree = "<group>"; };
		0EC25B742565453200CCA50D /* AuthManager.swift */ = {isa = PBXFileReference; lastKnownFileType = sourcecode.swift; path = AuthManager.swift; sourceTree = "<group>"; };
		0EC25B772565458B00CCA50D /* StorageManager.swift */ = {isa = PBXFileReference; lastKnownFileType = sourcecode.swift; path = StorageManager.swift; sourceTree = "<group>"; };
		0EC25B8C2565492300CCA50D /* Extensions.swift */ = {isa = PBXFileReference; lastKnownFileType = sourcecode.swift; path = Extensions.swift; sourceTree = "<group>"; };
		4B3AE34A96C57538C5F7E6BC /* Pods-InstagramClone.debug.xcconfig */ = {isa = PBXFileReference; includeInIndex = 1; lastKnownFileType = text.xcconfig; name = "Pods-InstagramClone.debug.xcconfig"; path = "Target Support Files/Pods-InstagramClone/Pods-InstagramClone.debug.xcconfig"; sourceTree = "<group>"; };
		F147AB89BCE0996334B293A0 /* Pods_InstagramClone.framework */ = {isa = PBXFileReference; explicitFileType = wrapper.framework; includeInIndex = 0; path = Pods_InstagramClone.framework; sourceTree = BUILT_PRODUCTS_DIR; };
		FFC26B9100F8628E14DAA80D /* Pods-InstagramClone.release.xcconfig */ = {isa = PBXFileReference; includeInIndex = 1; lastKnownFileType = text.xcconfig; name = "Pods-InstagramClone.release.xcconfig"; path = "Target Support Files/Pods-InstagramClone/Pods-InstagramClone.release.xcconfig"; sourceTree = "<group>"; };
/* End PBXFileReference section */

/* Begin PBXFrameworksBuildPhase section */
		0E52ECA62565335F00BBBA87 /* Frameworks */ = {
			isa = PBXFrameworksBuildPhase;
			buildActionMask = 2147483647;
			files = (
				C268048869DD663A77D4C780 /* Pods_InstagramClone.framework in Frameworks */,
			);
			runOnlyForDeploymentPostprocessing = 0;
		};
/* End PBXFrameworksBuildPhase section */

/* Begin PBXGroup section */
		0E10E4AB256D3F47006BB901 /* Cells */ = {
			isa = PBXGroup;
			children = (
				0E10E4B0256D410B006BB901 /* Home Feed */,
			);
			path = Cells;
			sourceTree = "<group>";
		};
		0E10E4B0256D410B006BB901 /* Home Feed */ = {
			isa = PBXGroup;
			children = (
				0E10E4AC256D3F69006BB901 /* IGFeedPostTableViewCell.swift */,
				0E10E4B1256D4142006BB901 /* IGFeedPostHeaderTableViewCell.swift */,
				0E10E4B5256D4160006BB901 /* IGFeedPostActionTableViewCell.swift */,
				0E10E4B8256D417D006BB901 /* IGFeedPostGeneralTableViewCell.swift */,
			);
			path = "Home Feed";
			sourceTree = "<group>";
		};
		0E52ECA02565335F00BBBA87 = {
			isa = PBXGroup;
			children = (
				0E52ECAB2565335F00BBBA87 /* InstagramClone */,
				0E52ECAA2565335F00BBBA87 /* Products */,
				B13F3F96A3388DC45B1D53E4 /* Pods */,
				7ACEF613EBD5EB170F3DE1F0 /* Frameworks */,
			);
			sourceTree = "<group>";
		};
		0E52ECAA2565335F00BBBA87 /* Products */ = {
			isa = PBXGroup;
			children = (
				0E52ECA92565335F00BBBA87 /* InstagramClone.app */,
			);
			name = Products;
			sourceTree = "<group>";
		};
		0E52ECAB2565335F00BBBA87 /* InstagramClone */ = {
			isa = PBXGroup;
			children = (
				0E52ECC5256533D700BBBA87 /* Resource */,
				0E52ECC4256533C100BBBA87 /* Models */,
				0E52ECC1256533A000BBBA87 /* Views */,
				0E52ECC3256533B700BBBA87 /* Controllers */,
				0E52ECBA2565335F00BBBA87 /* Info.plist */,
			);
			path = InstagramClone;
			sourceTree = "<group>";
		};
		0E52ECC1256533A000BBBA87 /* Views */ = {
			isa = PBXGroup;
			children = (
				0E10E4AB256D3F47006BB901 /* Cells */,
				0E52ECB52565335F00BBBA87 /* Assets.xcassets */,
				0E52ECC62565343200BBBA87 /* Storyboards */,
			);
			path = Views;
			sourceTree = "<group>";
		};
		0E52ECC3256533B700BBBA87 /* Controllers */ = {
			isa = PBXGroup;
			children = (
				0E52ECD52565353900BBBA87 /* Other */,
				0E52ECD42565351200BBBA87 /* Core Tabs */,
			);
			path = Controllers;
			sourceTree = "<group>";
		};
		0E52ECC4256533C100BBBA87 /* Models */ = {
			isa = PBXGroup;
			children = (
			);
			path = Models;
			sourceTree = "<group>";
		};
		0E52ECC5256533D700BBBA87 /* Resource */ = {
			isa = PBXGroup;
			children = (
				0EC25B6A2565405E00CCA50D /* GoogleService-Info.plist */,
				0E52ECAC2565335F00BBBA87 /* AppDelegate.swift */,
				0E52ECAE2565335F00BBBA87 /* SceneDelegate.swift */,
				0EC25B712565449A00CCA50D /* DatabaseManager.swift */,
				0EC25B742565453200CCA50D /* AuthManager.swift */,
				0EC25B772565458B00CCA50D /* StorageManager.swift */,
				0EC25B8C2565492300CCA50D /* Extensions.swift */,
			);
			path = Resource;
			sourceTree = "<group>";
		};
		0E52ECC62565343200BBBA87 /* Storyboards */ = {
			isa = PBXGroup;
			children = (
				0E52ECB22565335F00BBBA87 /* Main.storyboard */,
				0E52ECB72565335F00BBBA87 /* LaunchScreen.storyboard */,
			);
			path = Storyboards;
			sourceTree = "<group>";
		};
		0E52ECD42565351200BBBA87 /* Core Tabs */ = {
			isa = PBXGroup;
			children = (
				0E52ECB02565335F00BBBA87 /* HomeViewController.swift */,
				0E52ECC8256534D000BBBA87 /* ExploreViewController.swift */,
				0E52ECCB256534E300BBBA87 /* CameraViewController.swift */,
				0E52ECCE256534FA00BBBA87 /* NotificationViewController.swift */,
				0E52ECD12565350400BBBA87 /* ProfileViewController.swift */,
			);
			path = "Core Tabs";
			sourceTree = "<group>";
		};
		0E52ECD52565353900BBBA87 /* Other */ = {
			isa = PBXGroup;
			children = (
				0E52ECD62565354800BBBA87 /* Onboarding */,
				0EC25B6E2565423D00CCA50D /* General */,
			);
			path = Other;
			sourceTree = "<group>";
		};
		0E52ECD62565354800BBBA87 /* Onboarding */ = {
			isa = PBXGroup;
			children = (
				0E52ECD82565356800BBBA87 /* LoginViewController.swift */,
				0E52ECDC2565359700BBBA87 /* RegistrationViewController.swift */,
			);
			path = Onboarding;
			sourceTree = "<group>";
		};
		0EC25B6E2565423D00CCA50D /* General */ = {
			isa = PBXGroup;
			children = (
				0E52ECE7256535CB00BBBA87 /* SettingViewController.swift */,
				0E52ECE0256535AE00BBBA87 /* PostViewController.swift */,
				0E52ECE4256535C100BBBA87 /* EditProfileViewController.swift */,
				0E52ECEA256535D500BBBA87 /* ListViewController.swift */,
				0E52ECED256535E600BBBA87 /* SearchViewController.swift */,
				0E52ECF0256535F100BBBA87 /* SearchResultViewController.swift */,
				0E52ECF32565361C00BBBA87 /* PostEditorViewController.swift */,
				0E52ECF62565362F00BBBA87 /* PublishPostViewController.swift */,
			);
			path = General;
			sourceTree = "<group>";
		};
		7ACEF613EBD5EB170F3DE1F0 /* Frameworks */ = {
			isa = PBXGroup;
			children = (
				F147AB89BCE0996334B293A0 /* Pods_InstagramClone.framework */,
			);
			name = Frameworks;
			sourceTree = "<group>";
		};
		B13F3F96A3388DC45B1D53E4 /* Pods */ = {
			isa = PBXGroup;
			children = (
				4B3AE34A96C57538C5F7E6BC /* Pods-InstagramClone.debug.xcconfig */,
				FFC26B9100F8628E14DAA80D /* Pods-InstagramClone.release.xcconfig */,
			);
			path = Pods;
			sourceTree = "<group>";
		};
/* End PBXGroup section */

/* Begin PBXNativeTarget section */
		0E52ECA82565335F00BBBA87 /* InstagramClone */ = {
			isa = PBXNativeTarget;
			buildConfigurationList = 0E52ECBD2565335F00BBBA87 /* Build configuration list for PBXNativeTarget "InstagramClone" */;
			buildPhases = (
				B58E233A9E560EE33D9CDF5E /* [CP] Check Pods Manifest.lock */,
				0E52ECA52565335F00BBBA87 /* Sources */,
				0E52ECA62565335F00BBBA87 /* Frameworks */,
				0E52ECA72565335F00BBBA87 /* Resources */,
				9EE3A55E3B32DF3B5780AD81 /* [CP] Embed Pods Frameworks */,
			);
			buildRules = (
			);
			dependencies = (
			);
			name = InstagramClone;
			productName = InstagramClone;
			productReference = 0E52ECA92565335F00BBBA87 /* InstagramClone.app */;
			productType = "com.apple.product-type.application";
		};
/* End PBXNativeTarget section */

/* Begin PBXProject section */
		0E52ECA12565335F00BBBA87 /* Project object */ = {
			isa = PBXProject;
			attributes = {
				LastSwiftUpdateCheck = 1220;
				LastUpgradeCheck = 1220;
				TargetAttributes = {
					0E52ECA82565335F00BBBA87 = {
						CreatedOnToolsVersion = 12.2;
					};
				};
			};
			buildConfigurationList = 0E52ECA42565335F00BBBA87 /* Build configuration list for PBXProject "InstagramClone" */;
			compatibilityVersion = "Xcode 9.3";
			developmentRegion = en;
			hasScannedForEncodings = 0;
			knownRegions = (
				en,
				Base,
			);
			mainGroup = 0E52ECA02565335F00BBBA87;
			productRefGroup = 0E52ECAA2565335F00BBBA87 /* Products */;
			projectDirPath = "";
			projectRoot = "";
			targets = (
				0E52ECA82565335F00BBBA87 /* InstagramClone */,
			);
		};
/* End PBXProject section */

/* Begin PBXResourcesBuildPhase section */
		0E52ECA72565335F00BBBA87 /* Resources */ = {
			isa = PBXResourcesBuildPhase;
			buildActionMask = 2147483647;
			files = (
				0E52ECB92565335F00BBBA87 /* LaunchScreen.storyboard in Resources */,
				0EC25B6B2565405E00CCA50D /* GoogleService-Info.plist in Resources */,
				0E52ECB62565335F00BBBA87 /* Assets.xcassets in Resources */,
				0E52ECB42565335F00BBBA87 /* Main.storyboard in Resources */,
			);
			runOnlyForDeploymentPostprocessing = 0;
		};
/* End PBXResourcesBuildPhase section */

/* Begin PBXShellScriptBuildPhase section */
		9EE3A55E3B32DF3B5780AD81 /* [CP] Embed Pods Frameworks */ = {
			isa = PBXShellScriptBuildPhase;
			buildActionMask = 2147483647;
			files = (
			);
			inputFileListPaths = (
				"${PODS_ROOT}/Target Support Files/Pods-InstagramClone/Pods-InstagramClone-frameworks-${CONFIGURATION}-input-files.xcfilelist",
			);
			name = "[CP] Embed Pods Frameworks";
			outputFileListPaths = (
				"${PODS_ROOT}/Target Support Files/Pods-InstagramClone/Pods-InstagramClone-frameworks-${CONFIGURATION}-output-files.xcfilelist",
			);
			runOnlyForDeploymentPostprocessing = 0;
			shellPath = /bin/sh;
			shellScript = "\"${PODS_ROOT}/Target Support Files/Pods-InstagramClone/Pods-InstagramClone-frameworks.sh\"\n";
			showEnvVarsInLog = 0;
		};
		B58E233A9E560EE33D9CDF5E /* [CP] Check Pods Manifest.lock */ = {
			isa = PBXShellScriptBuildPhase;
			buildActionMask = 2147483647;
			files = (
			);
			inputFileListPaths = (
			);
			inputPaths = (
				"${PODS_PODFILE_DIR_PATH}/Podfile.lock",
				"${PODS_ROOT}/Manifest.lock",
			);
			name = "[CP] Check Pods Manifest.lock";
			outputFileListPaths = (
			);
			outputPaths = (
				"$(DERIVED_FILE_DIR)/Pods-InstagramClone-checkManifestLockResult.txt",
			);
			runOnlyForDeploymentPostprocessing = 0;
			shellPath = /bin/sh;
			shellScript = "diff \"${PODS_PODFILE_DIR_PATH}/Podfile.lock\" \"${PODS_ROOT}/Manifest.lock\" > /dev/null\nif [ $? != 0 ] ; then\n    # print error to STDERR\n    echo \"error: The sandbox is not in sync with the Podfile.lock. Run 'pod install' or update your CocoaPods installation.\" >&2\n    exit 1\nfi\n# This output is used by Xcode 'outputs' to avoid re-running this script phase.\necho \"SUCCESS\" > \"${SCRIPT_OUTPUT_FILE_0}\"\n";
			showEnvVarsInLog = 0;
		};
/* End PBXShellScriptBuildPhase section */

/* Begin PBXSourcesBuildPhase section */
		0E52ECA52565335F00BBBA87 /* Sources */ = {
			isa = PBXSourcesBuildPhase;
			buildActionMask = 2147483647;
			files = (
				0E52ECE5256535C100BBBA87 /* EditProfileViewController.swift in Sources */,
				0E52ECC9256534D000BBBA87 /* ExploreViewController.swift in Sources */,
				0E52ECF72565362F00BBBA87 /* PublishPostViewController.swift in Sources */,
				0E52ECCC256534E300BBBA87 /* CameraViewController.swift in Sources */,
				0E52ECCF256534FA00BBBA87 /* NotificationViewController.swift in Sources */,
				0E52ECB12565335F00BBBA87 /* HomeViewController.swift in Sources */,
				0E10E4B2256D4142006BB901 /* IGFeedPostHeaderTableViewCell.swift in Sources */,
				0E52ECF42565361C00BBBA87 /* PostEditorViewController.swift in Sources */,
				0EC25B782565458B00CCA50D /* StorageManager.swift in Sources */,
				0E10E4B6256D4160006BB901 /* IGFeedPostActionTableViewCell.swift in Sources */,
				0E52ECE1256535AE00BBBA87 /* PostViewController.swift in Sources */,
				0EC25B722565449A00CCA50D /* DatabaseManager.swift in Sources */,
				0E52ECD92565356800BBBA87 /* LoginViewController.swift in Sources */,
				0E10E4AD256D3F69006BB901 /* IGFeedPostTableViewCell.swift in Sources */,
				0E52ECF1256535F100BBBA87 /* SearchResultViewController.swift in Sources */,
				0E52ECD22565350400BBBA87 /* ProfileViewController.swift in Sources */,
				0E10E4B9256D417D006BB901 /* IGFeedPostGeneralTableViewCell.swift in Sources */,
				0EC25B8D2565492300CCA50D /* Extensions.swift in Sources */,
				0E52ECEE256535E600BBBA87 /* SearchViewController.swift in Sources */,
				0E52ECAD2565335F00BBBA87 /* AppDelegate.swift in Sources */,
				0EC25B752565453200CCA50D /* AuthManager.swift in Sources */,
				0E52ECDD2565359700BBBA87 /* RegistrationViewController.swift in Sources */,
				0E52ECAF2565335F00BBBA87 /* SceneDelegate.swift in Sources */,
				0E52ECEB256535D500BBBA87 /* ListViewController.swift in Sources */,
				0E52ECE8256535CB00BBBA87 /* SettingViewController.swift in Sources */,
			);
			runOnlyForDeploymentPostprocessing = 0;
		};
/* End PBXSourcesBuildPhase section */

/* Begin PBXVariantGroup section */
		0E52ECB22565335F00BBBA87 /* Main.storyboard */ = {
			isa = PBXVariantGroup;
			children = (
				0E52ECB32565335F00BBBA87 /* Base */,
			);
			name = Main.storyboard;
			sourceTree = "<group>";
		};
		0E52ECB72565335F00BBBA87 /* LaunchScreen.storyboard */ = {
			isa = PBXVariantGroup;
			children = (
				0E52ECB82565335F00BBBA87 /* Base */,
			);
			name = LaunchScreen.storyboard;
			sourceTree = "<group>";
		};
/* End PBXVariantGroup section */

/* Begin XCBuildConfiguration section */
		0E52ECBB2565335F00BBBA87 /* Debug */ = {
			isa = XCBuildConfiguration;
			buildSettings = {
				ALWAYS_SEARCH_USER_PATHS = NO;
				CLANG_ANALYZER_NONNULL = YES;
				CLANG_ANALYZER_NUMBER_OBJECT_CONVERSION = YES_AGGRESSIVE;
				CLANG_CXX_LANGUAGE_STANDARD = "gnu++14";
				CLANG_CXX_LIBRARY = "libc++";
				CLANG_ENABLE_MODULES = YES;
				CLANG_ENABLE_OBJC_ARC = YES;
				CLANG_ENABLE_OBJC_WEAK = YES;
				CLANG_WARN_BLOCK_CAPTURE_AUTORELEASING = YES;
				CLANG_WARN_BOOL_CONVERSION = YES;
				CLANG_WARN_COMMA = YES;
				CLANG_WARN_CONSTANT_CONVERSION = YES;
				CLANG_WARN_DEPRECATED_OBJC_IMPLEMENTATIONS = YES;
				CLANG_WARN_DIRECT_OBJC_ISA_USAGE = YES_ERROR;
				CLANG_WARN_DOCUMENTATION_COMMENTS = YES;
				CLANG_WARN_EMPTY_BODY = YES;
				CLANG_WARN_ENUM_CONVERSION = YES;
				CLANG_WARN_INFINITE_RECURSION = YES;
				CLANG_WARN_INT_CONVERSION = YES;
				CLANG_WARN_NON_LITERAL_NULL_CONVERSION = YES;
				CLANG_WARN_OBJC_IMPLICIT_RETAIN_SELF = YES;
				CLANG_WARN_OBJC_LITERAL_CONVERSION = YES;
				CLANG_WARN_OBJC_ROOT_CLASS = YES_ERROR;
				CLANG_WARN_QUOTED_INCLUDE_IN_FRAMEWORK_HEADER = YES;
				CLANG_WARN_RANGE_LOOP_ANALYSIS = YES;
				CLANG_WARN_STRICT_PROTOTYPES = YES;
				CLANG_WARN_SUSPICIOUS_MOVE = YES;
				CLANG_WARN_UNGUARDED_AVAILABILITY = YES_AGGRESSIVE;
				CLANG_WARN_UNREACHABLE_CODE = YES;
				CLANG_WARN__DUPLICATE_METHOD_MATCH = YES;
				COPY_PHASE_STRIP = NO;
				DEBUG_INFORMATION_FORMAT = dwarf;
				ENABLE_STRICT_OBJC_MSGSEND = YES;
				ENABLE_TESTABILITY = YES;
				GCC_C_LANGUAGE_STANDARD = gnu11;
				GCC_DYNAMIC_NO_PIC = NO;
				GCC_NO_COMMON_BLOCKS = YES;
				GCC_OPTIMIZATION_LEVEL = 0;
				GCC_PREPROCESSOR_DEFINITIONS = (
					"DEBUG=1",
					"$(inherited)",
				);
				GCC_WARN_64_TO_32_BIT_CONVERSION = YES;
				GCC_WARN_ABOUT_RETURN_TYPE = YES_ERROR;
				GCC_WARN_UNDECLARED_SELECTOR = YES;
				GCC_WARN_UNINITIALIZED_AUTOS = YES_AGGRESSIVE;
				GCC_WARN_UNUSED_FUNCTION = YES;
				GCC_WARN_UNUSED_VARIABLE = YES;
				IPHONEOS_DEPLOYMENT_TARGET = 14.2;
				MTL_ENABLE_DEBUG_INFO = INCLUDE_SOURCE;
				MTL_FAST_MATH = YES;
				ONLY_ACTIVE_ARCH = YES;
				SDKROOT = iphoneos;
				SWIFT_ACTIVE_COMPILATION_CONDITIONS = DEBUG;
				SWIFT_OPTIMIZATION_LEVEL = "-Onone";
			};
			name = Debug;
		};
		0E52ECBC2565335F00BBBA87 /* Release */ = {
			isa = XCBuildConfiguration;
			buildSettings = {
				ALWAYS_SEARCH_USER_PATHS = NO;
				CLANG_ANALYZER_NONNULL = YES;
				CLANG_ANALYZER_NUMBER_OBJECT_CONVERSION = YES_AGGRESSIVE;
				CLANG_CXX_LANGUAGE_STANDARD = "gnu++14";
				CLANG_CXX_LIBRARY = "libc++";
				CLANG_ENABLE_MODULES = YES;
				CLANG_ENABLE_OBJC_ARC = YES;
				CLANG_ENABLE_OBJC_WEAK = YES;
				CLANG_WARN_BLOCK_CAPTURE_AUTORELEASING = YES;
				CLANG_WARN_BOOL_CONVERSION = YES;
				CLANG_WARN_COMMA = YES;
				CLANG_WARN_CONSTANT_CONVERSION = YES;
				CLANG_WARN_DEPRECATED_OBJC_IMPLEMENTATIONS = YES;
				CLANG_WARN_DIRECT_OBJC_ISA_USAGE = YES_ERROR;
				CLANG_WARN_DOCUMENTATION_COMMENTS = YES;
				CLANG_WARN_EMPTY_BODY = YES;
				CLANG_WARN_ENUM_CONVERSION = YES;
				CLANG_WARN_INFINITE_RECURSION = YES;
				CLANG_WARN_INT_CONVERSION = YES;
				CLANG_WARN_NON_LITERAL_NULL_CONVERSION = YES;
				CLANG_WARN_OBJC_IMPLICIT_RETAIN_SELF = YES;
				CLANG_WARN_OBJC_LITERAL_CONVERSION = YES;
				CLANG_WARN_OBJC_ROOT_CLASS = YES_ERROR;
				CLANG_WARN_QUOTED_INCLUDE_IN_FRAMEWORK_HEADER = YES;
				CLANG_WARN_RANGE_LOOP_ANALYSIS = YES;
				CLANG_WARN_STRICT_PROTOTYPES = YES;
				CLANG_WARN_SUSPICIOUS_MOVE = YES;
				CLANG_WARN_UNGUARDED_AVAILABILITY = YES_AGGRESSIVE;
				CLANG_WARN_UNREACHABLE_CODE = YES;
				CLANG_WARN__DUPLICATE_METHOD_MATCH = YES;
				COPY_PHASE_STRIP = NO;
				DEBUG_INFORMATION_FORMAT = "dwarf-with-dsym";
				ENABLE_NS_ASSERTIONS = NO;
				ENABLE_STRICT_OBJC_MSGSEND = YES;
				GCC_C_LANGUAGE_STANDARD = gnu11;
				GCC_NO_COMMON_BLOCKS = YES;
				GCC_WARN_64_TO_32_BIT_CONVERSION = YES;
				GCC_WARN_ABOUT_RETURN_TYPE = YES_ERROR;
				GCC_WARN_UNDECLARED_SELECTOR = YES;
				GCC_WARN_UNINITIALIZED_AUTOS = YES_AGGRESSIVE;
				GCC_WARN_UNUSED_FUNCTION = YES;
				GCC_WARN_UNUSED_VARIABLE = YES;
				IPHONEOS_DEPLOYMENT_TARGET = 14.2;
				MTL_ENABLE_DEBUG_INFO = NO;
				MTL_FAST_MATH = YES;
				SDKROOT = iphoneos;
				SWIFT_COMPILATION_MODE = wholemodule;
				SWIFT_OPTIMIZATION_LEVEL = "-O";
				VALIDATE_PRODUCT = YES;
			};
			name = Release;
		};
		0E52ECBE2565335F00BBBA87 /* Debug */ = {
			isa = XCBuildConfiguration;
			baseConfigurationReference = 4B3AE34A96C57538C5F7E6BC /* Pods-InstagramClone.debug.xcconfig */;
			buildSettings = {
				ASSETCATALOG_COMPILER_APPICON_NAME = AppIcon;
				ASSETCATALOG_COMPILER_GLOBAL_ACCENT_COLOR_NAME = AccentColor;
				CODE_SIGN_STYLE = Automatic;
				DEVELOPMENT_TEAM = Q3HC733CNK;
				INFOPLIST_FILE = InstagramClone/Info.plist;
				IPHONEOS_DEPLOYMENT_TARGET = 13.0;
				LD_RUNPATH_SEARCH_PATHS = (
					"$(inherited)",
					"@executable_path/Frameworks",
				);
				PRODUCT_BUNDLE_IDENTIFIER = kr.shooooting.examples.InstagramClone;
				PRODUCT_NAME = "$(TARGET_NAME)";
				SWIFT_VERSION = 5.0;
				TARGETED_DEVICE_FAMILY = "1,2";
			};
			name = Debug;
		};
		0E52ECBF2565335F00BBBA87 /* Release */ = {
			isa = XCBuildConfiguration;
			baseConfigurationReference = FFC26B9100F8628E14DAA80D /* Pods-InstagramClone.release.xcconfig */;
			buildSettings = {
				ASSETCATALOG_COMPILER_APPICON_NAME = AppIcon;
				ASSETCATALOG_COMPILER_GLOBAL_ACCENT_COLOR_NAME = AccentColor;
				CODE_SIGN_STYLE = Automatic;
				DEVELOPMENT_TEAM = Q3HC733CNK;
				INFOPLIST_FILE = InstagramClone/Info.plist;
				IPHONEOS_DEPLOYMENT_TARGET = 13.0;
				LD_RUNPATH_SEARCH_PATHS = (
					"$(inherited)",
					"@executable_path/Frameworks",
				);
				PRODUCT_BUNDLE_IDENTIFIER = kr.shooooting.examples.InstagramClone;
				PRODUCT_NAME = "$(TARGET_NAME)";
				SWIFT_VERSION = 5.0;
				TARGETED_DEVICE_FAMILY = "1,2";
			};
			name = Release;
		};
/* End XCBuildConfiguration section */

/* Begin XCConfigurationList section */
		0E52ECA42565335F00BBBA87 /* Build configuration list for PBXProject "InstagramClone" */ = {
			isa = XCConfigurationList;
			buildConfigurations = (
				0E52ECBB2565335F00BBBA87 /* Debug */,
				0E52ECBC2565335F00BBBA87 /* Release */,
			);
			defaultConfigurationIsVisible = 0;
			defaultConfigurationName = Release;
		};
		0E52ECBD2565335F00BBBA87 /* Build configuration list for PBXNativeTarget "InstagramClone" */ = {
			isa = XCConfigurationList;
			buildConfigurations = (
				0E52ECBE2565335F00BBBA87 /* Debug */,
				0E52ECBF2565335F00BBBA87 /* Release */,
			);
			defaultConfigurationIsVisible = 0;
			defaultConfigurationName = Release;
		};
/* End XCConfigurationList section */
	};
	rootObject = 0E52ECA12565335F00BBBA87 /* Project object */;
}
